
Microsoft Visual Studio Solution File, Format Version 12.00
# Visual Studio Version 17
VisualStudioVersion = 17.4.33213.308
MinimumVisualStudioVersion = 10.0.40219.1
Project("{FAE04EC0-301F-11D3-BF4B-00C04F79EFBC}") = "DemoProjAppSys", "DemoProjAppSys\DemoProjAppSys.csproj", "{C76593E3-5A5E-44CD-81DD-671C734486D3}"
EndProject
Global
	GlobalSection(SolutionConfigurationPlatforms) = preSolution
		Debug|Any CPU = Debug|Any CPU
		Release|Any CPU = Release|Any CPU
	EndGlobalSection
	GlobalSection(ProjectConfigurationPlatforms) = postSolution
		{C76593E3-5A5E-44CD-81DD-671C734486D3}.Debug|Any CPU.ActiveCfg = Debug|Any CPU
		{C76593E3-5A5E-44CD-81DD-671C734486D3}.Debug|Any CPU.Build.0 = Debug|Any CPU
		{C76593E3-5A5E-44CD-81DD-671C734486D3}.Release|Any CPU.ActiveCfg = Release|Any CPU
		{C76593E3-5A5E-44CD-81DD-671C734486D3}.Release|Any CPU.Build.0 = Release|Any CPU
	EndGlobalSection
	GlobalSection(SolutionProperties) = preSolution
		HideSolutionNode = FALSE
	EndGlobalSection
	GlobalSection(ExtensibilityGlobals) = postSolution
		SolutionGuid = {8B41BAC2-5FE2-409B-AE4F-97443633A8E9}
	EndGlobalSection
EndGlobal
